
Microsoft Visual Studio Solution File, Format Version 12.00
# Visual Studio Version 17
VisualStudioVersion = 17.13.35828.75
MinimumVisualStudioVersion = 10.0.40219.1
Project("{FAE04EC0-301F-11D3-BF4B-00C04F79EFBC}") = "BlazorNavigation.Library", "BlazorNavigation.Library\BlazorNavigation.Library.csproj", "{C096B3FD-1B2D-43CD-BDEB-B259CBE7C64E}"
EndProject
Project("{FAE04EC0-301F-11D3-BF4B-00C04F79EFBC}") = "BlazorNavigation.SampleApp", "BlazorNavigation.SampleApp\BlazorNavigation.SampleApp.csproj", "{C5131F53-C41D-4A37-9561-89FE4E595595}"
EndProject
Global
	GlobalSection(SolutionConfigurationPlatforms) = preSolution
		Debug|Any CPU = Debug|Any CPU
		Release|Any CPU = Release|Any CPU
	EndGlobalSection
	GlobalSection(ProjectConfigurationPlatforms) = postSolution
		{C096B3FD-1B2D-43CD-BDEB-B259CBE7C64E}.Debug|Any CPU.ActiveCfg = Debug|Any CPU
		{C096B3FD-1B2D-43CD-BDEB-B259CBE7C64E}.Debug|Any CPU.Build.0 = Debug|Any CPU
		{C096B3FD-1B2D-43CD-BDEB-B259CBE7C64E}.Release|Any CPU.ActiveCfg = Release|Any CPU
		{C096B3FD-1B2D-43CD-BDEB-B259CBE7C64E}.Release|Any CPU.Build.0 = Release|Any CPU
		{C5131F53-C41D-4A37-9561-89FE4E595595}.Debug|Any CPU.ActiveCfg = Debug|Any CPU
		{C5131F53-C41D-4A37-9561-89FE4E595595}.Debug|Any CPU.Build.0 = Debug|Any CPU
		{C5131F53-C41D-4A37-9561-89FE4E595595}.Release|Any CPU.ActiveCfg = Release|Any CPU
		{C5131F53-C41D-4A37-9561-89FE4E595595}.Release|Any CPU.Build.0 = Release|Any CPU
	EndGlobalSection
	GlobalSection(SolutionProperties) = preSolution
		HideSolutionNode = FALSE
	EndGlobalSection
	GlobalSection(ExtensibilityGlobals) = postSolution
		SolutionGuid = {030BA7C0-8C0C-49E7-B7BE-7E0601EF48B0}
	EndGlobalSection
EndGlobal
